
Microsoft Visual Studio Solution File, Format Version 12.00
# Visual Studio Version 16
VisualStudioVersion = 16.0.31025.194
MinimumVisualStudioVersion = 10.0.40219.1
Project("{9A19103F-16F7-4668-BE54-9A1E7A4F7556}") = "SIMDExperiment", "SIMDExperiment.csproj", "{15B3308D-F99D-4224-B00B-924E348DC984}"
EndProject
Global
	GlobalSection(SolutionConfigurationPlatforms) = preSolution
		Debug|Any CPU = Debug|Any CPU
		Debug|x64 = Debug|x64
		Release|Any CPU = Release|Any CPU
		Release|x64 = Release|x64
	EndGlobalSection
	GlobalSection(ProjectConfigurationPlatforms) = postSolution
		{15B3308D-F99D-4224-B00B-924E348DC984}.Debug|Any CPU.ActiveCfg = Release|x64
		{15B3308D-F99D-4224-B00B-924E348DC984}.Debug|Any CPU.Build.0 = Release|x64
		{15B3308D-F99D-4224-B00B-924E348DC984}.Debug|x64.ActiveCfg = Debug|x64
		{15B3308D-F99D-4224-B00B-924E348DC984}.Debug|x64.Build.0 = Debug|x64
		{15B3308D-F99D-4224-B00B-924E348DC984}.Release|Any CPU.ActiveCfg = Release|x64
		{15B3308D-F99D-4224-B00B-924E348DC984}.Release|Any CPU.Build.0 = Release|x64
		{15B3308D-F99D-4224-B00B-924E348DC984}.Release|x64.ActiveCfg = Release|x64
		{15B3308D-F99D-4224-B00B-924E348DC984}.Release|x64.Build.0 = Release|x64
	EndGlobalSection
	GlobalSection(SolutionProperties) = preSolution
		HideSolutionNode = FALSE
	EndGlobalSection
	GlobalSection(ExtensibilityGlobals) = postSolution
		SolutionGuid = {394C393C-233D-44C9-B422-B9917C8C066D}
	EndGlobalSection
EndGlobal
